// !$*UTF8*$!
{
	archiveVersion = 1;
	classes = {
	};
	objectVersion = 50;
	objects = {

/* Begin PBXBuildFile section */
		AE2127D1243CDCE300DB03D9 /* MergeSort.swift in Sources */ = {isa = PBXBuildFile; fileRef = AE2127D0243CDCE300DB03D9 /* MergeSort.swift */; };
		AE2127D3243CF40C00DB03D9 /* QuickSort.swift in Sources */ = {isa = PBXBuildFile; fileRef = AE2127D2243CF40C00DB03D9 /* QuickSort.swift */; };
		AE541743243DD8C700620714 /* HeapSort.swift in Sources */ = {isa = PBXBuildFile; fileRef = AE541742243DD8C700620714 /* HeapSort.swift */; };
		AE6419F3243B3FCF00776501 /* main.swift in Sources */ = {isa = PBXBuildFile; fileRef = AE6419F2243B3FCF00776501 /* main.swift */; };
		AE6419FA243B3FED00776501 /* InsertionSort.swift in Sources */ = {isa = PBXBuildFile; fileRef = AE6419F9243B3FED00776501 /* InsertionSort.swift */; };
/* End PBXBuildFile section */

/* Begin PBXCopyFilesBuildPhase section */
		AE6419ED243B3FCF00776501 /* CopyFiles */ = {
			isa = PBXCopyFilesBuildPhase;
			buildActionMask = 2147483647;
			dstPath = /usr/share/man/man1/;
			dstSubfolderSpec = 0;
			files = (
			);
			runOnlyForDeploymentPostprocessing = 1;
		};
/* End PBXCopyFilesBuildPhase section */

/* Begin PBXFileReference section */
		AE2127D0243CDCE300DB03D9 /* MergeSort.swift */ = {isa = PBXFileReference; lastKnownFileType = sourcecode.swift; path = MergeSort.swift; sourceTree = "<group>"; };
		AE2127D2243CF40C00DB03D9 /* QuickSort.swift */ = {isa = PBXFileReference; lastKnownFileType = sourcecode.swift; path = QuickSort.swift; sourceTree = "<group>"; };
		AE541742243DD8C700620714 /* HeapSort.swift */ = {isa = PBXFileReference; lastKnownFileType = sourcecode.swift; path = HeapSort.swift; sourceTree = "<group>"; };
		AE6419EF243B3FCF00776501 /* Algo */ = {isa = PBXFileReference; explicitFileType = "compiled.mach-o.executable"; includeInIndex = 0; path = Algo; sourceTree = BUILT_PRODUCTS_DIR; };
		AE6419F2243B3FCF00776501 /* main.swift */ = {isa = PBXFileReference; lastKnownFileType = sourcecode.swift; path = main.swift; sourceTree = "<group>"; };
		AE6419F9243B3FED00776501 /* InsertionSort.swift */ = {isa = PBXFileReference; lastKnownFileType = sourcecode.swift; path = InsertionSort.swift; sourceTree = "<group>"; };
/* End PBXFileReference section */

/* Begin PBXFrameworksBuildPhase section */
		AE6419EC243B3FCF00776501 /* Frameworks */ = {
			isa = PBXFrameworksBuildPhase;
			buildActionMask = 2147483647;
			files = (
			);
			runOnlyForDeploymentPostprocessing = 0;
		};
/* End PBXFrameworksBuildPhase section */

/* Begin PBXGroup section */
		AE6419E6243B3FCF00776501 = {
			isa = PBXGroup;
			children = (
				AE6419F1243B3FCF00776501 /* Algo */,
				AE6419F0243B3FCF00776501 /* Products */,
			);
			sourceTree = "<group>";
		};
		AE6419F0243B3FCF00776501 /* Products */ = {
			isa = PBXGroup;
			children = (
				AE6419EF243B3FCF00776501 /* Algo */,
			);
			name = Products;
			sourceTree = "<group>";
		};
		AE6419F1243B3FCF00776501 /* Algo */ = {
			isa = PBXGroup;
			children = (
				AE6419F9243B3FED00776501 /* InsertionSort.swift */,
				AE2127D0243CDCE300DB03D9 /* MergeSort.swift */,
				AE2127D2243CF40C00DB03D9 /* QuickSort.swift */,
				AE541742243DD8C700620714 /* HeapSort.swift */,
				AE6419F2243B3FCF00776501 /* main.swift */,
			);
			path = Algo;
			sourceTree = "<group>";
		};
/* End PBXGroup section */

/* Begin PBXNativeTarget section */
		AE6419EE243B3FCF00776501 /* Algo */ = {
			isa = PBXNativeTarget;
			buildConfigurationList = AE6419F6243B3FCF00776501 /* Build configuration list for PBXNativeTarget "Algo" */;
			buildPhases = (
				AE6419EB243B3FCF00776501 /* Sources */,
				AE6419EC243B3FCF00776501 /* Frameworks */,
				AE6419ED243B3FCF00776501 /* CopyFiles */,
			);
			buildRules = (
			);
			dependencies = (
			);
			name = Algo;
			productName = Algo;
			productReference = AE6419EF243B3FCF00776501 /* Algo */;
			productType = "com.apple.product-type.tool";
		};
/* End PBXNativeTarget section */

/* Begin PBXProject section */
		AE6419E7243B3FCF00776501 /* Project object */ = {
			isa = PBXProject;
			attributes = {
				LastSwiftUpdateCheck = 1140;
				LastUpgradeCheck = 1140;
				ORGANIZATIONNAME = "Magic Unicorn Inc.";
				TargetAttributes = {
					AE6419EE243B3FCF00776501 = {
						CreatedOnToolsVersion = 11.4;
					};
				};
			};
			buildConfigurationList = AE6419EA243B3FCF00776501 /* Build configuration list for PBXProject "Algo" */;
			compatibilityVersion = "Xcode 9.3";
			developmentRegion = en;
			hasScannedForEncodings = 0;
			knownRegions = (
				en,
				Base,
			);
			mainGroup = AE6419E6243B3FCF00776501;
			productRefGroup = AE6419F0243B3FCF00776501 /* Products */;
			projectDirPath = "";
			projectRoot = "";
			targets = (
				AE6419EE243B3FCF00776501 /* Algo */,
			);
		};
/* End PBXProject section */

/* Begin PBXSourcesBuildPhase section */
		AE6419EB243B3FCF00776501 /* Sources */ = {
			isa = PBXSourcesBuildPhase;
			buildActionMask = 2147483647;
			files = (
				AE2127D1243CDCE300DB03D9 /* MergeSort.swift in Sources */,
				AE6419F3243B3FCF00776501 /* main.swift in Sources */,
				AE6419FA243B3FED00776501 /* InsertionSort.swift in Sources */,
				AE2127D3243CF40C00DB03D9 /* QuickSort.swift in Sources */,
				AE541743243DD8C700620714 /* HeapSort.swift in Sources */,
			);
			runOnlyForDeploymentPostprocessing = 0;
		};
/* End PBXSourcesBuildPhase section */

/* Begin XCBuildConfiguration section */
		AE6419F4243B3FCF00776501 /* Debug */ = {
			isa = XCBuildConfiguration;
			buildSettings = {
				ALWAYS_SEARCH_USER_PATHS = NO;
				CLANG_ANALYZER_NONNULL = YES;
				CLANG_ANALYZER_NUMBER_OBJECT_CONVERSION = YES_AGGRESSIVE;
				CLANG_CXX_LANGUAGE_STANDARD = "gnu++14";
				CLANG_CXX_LIBRARY = "libc++";
				CLANG_ENABLE_MODULES = YES;
				CLANG_ENABLE_OBJC_ARC = YES;
				CLANG_ENABLE_OBJC_WEAK = YES;
				CLANG_WARN_BLOCK_CAPTURE_AUTORELEASING = YES;
				CLANG_WARN_BOOL_CONVERSION = YES;
				CLANG_WARN_COMMA = YES;
				CLANG_WARN_CONSTANT_CONVERSION = YES;
				CLANG_WARN_DEPRECATED_OBJC_IMPLEMENTATIONS = YES;
				CLANG_WARN_DIRECT_OBJC_ISA_USAGE = YES_ERROR;
				CLANG_WARN_DOCUMENTATION_COMMENTS = YES;
				CLANG_WARN_EMPTY_BODY = YES;
				CLANG_WARN_ENUM_CONVERSION = YES;
				CLANG_WARN_INFINITE_RECURSION = YES;
				CLANG_WARN_INT_CONVERSION = YES;
				CLANG_WARN_NON_LITERAL_NULL_CONVERSION = YES;
				CLANG_WARN_OBJC_IMPLICIT_RETAIN_SELF = YES;
				CLANG_WARN_OBJC_LITERAL_CONVERSION = YES;
				CLANG_WARN_OBJC_ROOT_CLASS = YES_ERROR;
				CLANG_WARN_RANGE_LOOP_ANALYSIS = YES;
				CLANG_WARN_STRICT_PROTOTYPES = YES;
				CLANG_WARN_SUSPICIOUS_MOVE = YES;
				CLANG_WARN_UNGUARDED_AVAILABILITY = YES_AGGRESSIVE;
				CLANG_WARN_UNREACHABLE_CODE = YES;
				CLANG_WARN__DUPLICATE_METHOD_MATCH = YES;
				COPY_PHASE_STRIP = NO;
				DEBUG_INFORMATION_FORMAT = dwarf;
				ENABLE_STRICT_OBJC_MSGSEND = YES;
				ENABLE_TESTABILITY = YES;
				GCC_C_LANGUAGE_STANDARD = gnu11;
				GCC_DYNAMIC_NO_PIC = NO;
				GCC_NO_COMMON_BLOCKS = YES;
				GCC_OPTIMIZATION_LEVEL = 0;
				GCC_PREPROCESSOR_DEFINITIONS = (
					"DEBUG=1",
					"$(inherited)",
				);
				GCC_WARN_64_TO_32_BIT_CONVERSION = YES;
				GCC_WARN_ABOUT_RETURN_TYPE = YES_ERROR;
				GCC_WARN_UNDECLARED_SELECTOR = YES;
				GCC_WARN_UNINITIALIZED_AUTOS = YES_AGGRESSIVE;
				GCC_WARN_UNUSED_FUNCTION = YES;
				GCC_WARN_UNUSED_VARIABLE = YES;
				MACOSX_DEPLOYMENT_TARGET = 10.15;
				MTL_ENABLE_DEBUG_INFO = INCLUDE_SOURCE;
				MTL_FAST_MATH = YES;
				ONLY_ACTIVE_ARCH = YES;
				SDKROOT = macosx;
				SWIFT_ACTIVE_COMPILATION_CONDITIONS = DEBUG;
				SWIFT_OPTIMIZATION_LEVEL = "-Onone";
			};
			name = Debug;
		};
		AE6419F5243B3FCF00776501 /* Release */ = {
			isa = XCBuildConfiguration;
			buildSettings = {
				ALWAYS_SEARCH_USER_PATHS = NO;
				CLANG_ANALYZER_NONNULL = YES;
				CLANG_ANALYZER_NUMBER_OBJECT_CONVERSION = YES_AGGRESSIVE;
				CLANG_CXX_LANGUAGE_STANDARD = "gnu++14";
				CLANG_CXX_LIBRARY = "libc++";
				CLANG_ENABLE_MODULES = YES;
				CLANG_ENABLE_OBJC_ARC = YES;
				CLANG_ENABLE_OBJC_WEAK = YES;
				CLANG_WARN_BLOCK_CAPTURE_AUTORELEASING = YES;
				CLANG_WARN_BOOL_CONVERSION = YES;
				CLANG_WARN_COMMA = YES;
				CLANG_WARN_CONSTANT_CONVERSION = YES;
				CLANG_WARN_DEPRECATED_OBJC_IMPLEMENTATIONS = YES;
				CLANG_WARN_DIRECT_OBJC_ISA_USAGE = YES_ERROR;
				CLANG_WARN_DOCUMENTATION_COMMENTS = YES;
				CLANG_WARN_EMPTY_BODY = YES;
				CLANG_WARN_ENUM_CONVERSION = YES;
				CLANG_WARN_INFINITE_RECURSION = YES;
				CLANG_WARN_INT_CONVERSION = YES;
				CLANG_WARN_NON_LITERAL_NULL_CONVERSION = YES;
				CLANG_WARN_OBJC_IMPLICIT_RETAIN_SELF = YES;
				CLANG_WARN_OBJC_LITERAL_CONVERSION = YES;
				CLANG_WARN_OBJC_ROOT_CLASS = YES_ERROR;
				CLANG_WARN_RANGE_LOOP_ANALYSIS = YES;
				CLANG_WARN_STRICT_PROTOTYPES = YES;
				CLANG_WARN_SUSPICIOUS_MOVE = YES;
				CLANG_WARN_UNGUARDED_AVAILABILITY = YES_AGGRESSIVE;
				CLANG_WARN_UNREACHABLE_CODE = YES;
				CLANG_WARN__DUPLICATE_METHOD_MATCH = YES;
				COPY_PHASE_STRIP = NO;
				DEBUG_INFORMATION_FORMAT = "dwarf-with-dsym";
				ENABLE_NS_ASSERTIONS = NO;
				ENABLE_STRICT_OBJC_MSGSEND = YES;
				GCC_C_LANGUAGE_STANDARD = gnu11;
				GCC_NO_COMMON_BLOCKS = YES;
				GCC_WARN_64_TO_32_BIT_CONVERSION = YES;
				GCC_WARN_ABOUT_RETURN_TYPE = YES_ERROR;
				GCC_WARN_UNDECLARED_SELECTOR = YES;
				GCC_WARN_UNINITIALIZED_AUTOS = YES_AGGRESSIVE;
				GCC_WARN_UNUSED_FUNCTION = YES;
				GCC_WARN_UNUSED_VARIABLE = YES;
				MACOSX_DEPLOYMENT_TARGET = 10.15;
				MTL_ENABLE_DEBUG_INFO = NO;
				MTL_FAST_MATH = YES;
				SDKROOT = macosx;
				SWIFT_COMPILATION_MODE = wholemodule;
				SWIFT_OPTIMIZATION_LEVEL = "-O";
			};
			name = Release;
		};
		AE6419F7243B3FCF00776501 /* Debug */ = {
			isa = XCBuildConfiguration;
			buildSettings = {
				CODE_SIGN_STYLE = Automatic;
				DEVELOPMENT_TEAM = 74V7AJ74L3;
				ENABLE_HARDENED_RUNTIME = YES;
				PRODUCT_NAME = "$(TARGET_NAME)";
				SWIFT_VERSION = 5.0;
			};
			name = Debug;
		};
		AE6419F8243B3FCF00776501 /* Release */ = {
			isa = XCBuildConfiguration;
			buildSettings = {
				CODE_SIGN_STYLE = Automatic;
				DEVELOPMENT_TEAM = 74V7AJ74L3;
				ENABLE_HARDENED_RUNTIME = YES;
				PRODUCT_NAME = "$(TARGET_NAME)";
				SWIFT_VERSION = 5.0;
			};
			name = Release;
		};
/* End XCBuildConfiguration section */

/* Begin XCConfigurationList section */
		AE6419EA243B3FCF00776501 /* Build configuration list for PBXProject "Algo" */ = {
			isa = XCConfigurationList;
			buildConfigurations = (
				AE6419F4243B3FCF00776501 /* Debug */,
				AE6419F5243B3FCF00776501 /* Release */,
			);
			defaultConfigurationIsVisible = 0;
			defaultConfigurationName = Release;
		};
		AE6419F6243B3FCF00776501 /* Build configuration list for PBXNativeTarget "Algo" */ = {
			isa = XCConfigurationList;
			buildConfigurations = (
				AE6419F7243B3FCF00776501 /* Debug */,
				AE6419F8243B3FCF00776501 /* Release */,
			);
			defaultConfigurationIsVisible = 0;
			defaultConfigurationName = Release;
		};
/* End XCConfigurationList section */
	};
	rootObject = AE6419E7243B3FCF00776501 /* Project object */;
}
